{
  "lockfileVersion": 1,
  "workspaces": {
    "": {
      "name": "infinite-canvas-server",
      "dependencies": {
        "nodemailer": "^10.0.1",
      },
    },
  },
  "packages": {
    "nodemailer": ["nodemailer@10.0.1", "", {}, "sha512-c+gU9cL9HLDax3vjxL88kW+6NOgdtEUWaZ+AUtxdJR6LLhf0kGdCLExof7yiKW7zdO9EfXCSIgmhGyFmUM0mYQ=="],
  }
}
